
Microsoft Visual Studio Solution File, Format Version 12.00
# Visual Studio 2013
VisualStudioVersion = 12.0.20827.3
MinimumVisualStudioVersion = 10.0.40219.1
Project("{FAE04EC0-301F-11D3-BF4B-00C04F79EFBC}") = "Test.Services", "Test.Services\Test.Services.csproj", "{101105AC-EAB4-4114-A1ED-E272FE8B094E}"
EndProject
Project("{FAE04EC0-301F-11D3-BF4B-00C04F79EFBC}") = "Test.Data", "Test.Data\Test.Data.csproj", "{B1A0C10D-839D-4733-B6EF-77CA770D77AB}"
EndProject
Global
	GlobalSection(SolutionConfigurationPlatforms) = preSolution
		Debug|Any CPU = Debug|Any CPU
		Release|Any CPU = Release|Any CPU
	EndGlobalSection
	GlobalSection(ProjectConfigurationPlatforms) = postSolution
		{101105AC-EAB4-4114-A1ED-E272FE8B094E}.Debug|Any CPU.ActiveCfg = Debug|Any CPU
		{101105AC-EAB4-4114-A1ED-E272FE8B094E}.Debug|Any CPU.Build.0 = Debug|Any CPU
		{101105AC-EAB4-4114-A1ED-E272FE8B094E}.Release|Any CPU.ActiveCfg = Release|Any CPU
		{101105AC-EAB4-4114-A1ED-E272FE8B094E}.Release|Any CPU.Build.0 = Release|Any CPU
		{B1A0C10D-839D-4733-B6EF-77CA770D77AB}.Debug|Any CPU.ActiveCfg = Debug|Any CPU
		{B1A0C10D-839D-4733-B6EF-77CA770D77AB}.Debug|Any CPU.Build.0 = Debug|Any CPU
		{B1A0C10D-839D-4733-B6EF-77CA770D77AB}.Release|Any CPU.ActiveCfg = Release|Any CPU
		{B1A0C10D-839D-4733-B6EF-77CA770D77AB}.Release|Any CPU.Build.0 = Release|Any CPU
	EndGlobalSection
	GlobalSection(SolutionProperties) = preSolution
		HideSolutionNode = FALSE
	EndGlobalSection
EndGlobal
